
Microsoft Visual Studio Solution File, Format Version 12.00
# Visual Studio Version 17
VisualStudioVersion = 17.9.34622.214
MinimumVisualStudioVersion = 10.0.40219.1
Project("{FAE04EC0-301F-11D3-BF4B-00C04F79EFBC}") = "App2(CRUD)", "App2(CRUD)\App2(CRUD).csproj", "{3EDCADC2-BBDB-4771-9A76-D32C8A38E375}"
EndProject
Global
	GlobalSection(SolutionConfigurationPlatforms) = preSolution
		Debug|Any CPU = Debug|Any CPU
		Release|Any CPU = Release|Any CPU
	EndGlobalSection
	GlobalSection(ProjectConfigurationPlatforms) = postSolution
		{3EDCADC2-BBDB-4771-9A76-D32C8A38E375}.Debug|Any CPU.ActiveCfg = Debug|Any CPU
		{3EDCADC2-BBDB-4771-9A76-D32C8A38E375}.Debug|Any CPU.Build.0 = Debug|Any CPU
		{3EDCADC2-BBDB-4771-9A76-D32C8A38E375}.Release|Any CPU.ActiveCfg = Release|Any CPU
		{3EDCADC2-BBDB-4771-9A76-D32C8A38E375}.Release|Any CPU.Build.0 = Release|Any CPU
	EndGlobalSection
	GlobalSection(SolutionProperties) = preSolution
		HideSolutionNode = FALSE
	EndGlobalSection
	GlobalSection(ExtensibilityGlobals) = postSolution
		SolutionGuid = {7B3D5587-43D3-4988-BA72-0A40DFB0ECB0}
	EndGlobalSection
EndGlobal
